
Microsoft Visual Studio Solution File, Format Version 12.00
# Visual Studio Version 16
VisualStudioVersion = 16.0.31129.286
MinimumVisualStudioVersion = 10.0.40219.1
Project("{FAE04EC0-301F-11D3-BF4B-00C04F79EFBC}") = "Module2HW4", "Module2HW4.csproj", "{966A2291-24A0-4CB7-ADCE-2C2DB67BE714}"
EndProject
Global
	GlobalSection(SolutionConfigurationPlatforms) = preSolution
		Debug|Any CPU = Debug|Any CPU
		Release|Any CPU = Release|Any CPU
	EndGlobalSection
	GlobalSection(ProjectConfigurationPlatforms) = postSolution
		{966A2291-24A0-4CB7-ADCE-2C2DB67BE714}.Debug|Any CPU.ActiveCfg = Debug|Any CPU
		{966A2291-24A0-4CB7-ADCE-2C2DB67BE714}.Debug|Any CPU.Build.0 = Debug|Any CPU
		{966A2291-24A0-4CB7-ADCE-2C2DB67BE714}.Release|Any CPU.ActiveCfg = Release|Any CPU
		{966A2291-24A0-4CB7-ADCE-2C2DB67BE714}.Release|Any CPU.Build.0 = Release|Any CPU
	EndGlobalSection
	GlobalSection(SolutionProperties) = preSolution
		HideSolutionNode = FALSE
	EndGlobalSection
	GlobalSection(ExtensibilityGlobals) = postSolution
		SolutionGuid = {E5F6A48D-2C2D-4667-AB3C-57990092E805}
	EndGlobalSection
EndGlobal
